
Microsoft Visual Studio Solution File, Format Version 12.00
# Visual Studio Version 17
VisualStudioVersion = 17.8.34330.188
MinimumVisualStudioVersion = 10.0.40219.1
Project("{FAE04EC0-301F-11D3-BF4B-00C04F79EFBC}") = "Bot", "Bot\Bot.csproj", "{7B02F841-AFBA-4392-96AB-763FDCBCE02A}"
EndProject
Project("{FAE04EC0-301F-11D3-BF4B-00C04F79EFBC}") = "API", "API\API.csproj", "{CF5C7D3D-83D1-4466-8879-F45FE8095435}"
EndProject
Project("{FAE04EC0-301F-11D3-BF4B-00C04F79EFBC}") = "Front", "Front\Front.csproj", "{96D424DC-60C5-47A6-8EA4-3C006B45503C}"
EndProject
Global
	GlobalSection(SolutionConfigurationPlatforms) = preSolution
		Debug|Any CPU = Debug|Any CPU
		Release|Any CPU = Release|Any CPU
	EndGlobalSection
	GlobalSection(ProjectConfigurationPlatforms) = postSolution
		{7B02F841-AFBA-4392-96AB-763FDCBCE02A}.Debug|Any CPU.ActiveCfg = Debug|Any CPU
		{7B02F841-AFBA-4392-96AB-763FDCBCE02A}.Debug|Any CPU.Build.0 = Debug|Any CPU
		{7B02F841-AFBA-4392-96AB-763FDCBCE02A}.Release|Any CPU.ActiveCfg = Release|Any CPU
		{7B02F841-AFBA-4392-96AB-763FDCBCE02A}.Release|Any CPU.Build.0 = Release|Any CPU
		{CF5C7D3D-83D1-4466-8879-F45FE8095435}.Debug|Any CPU.ActiveCfg = Debug|Any CPU
		{CF5C7D3D-83D1-4466-8879-F45FE8095435}.Debug|Any CPU.Build.0 = Debug|Any CPU
		{CF5C7D3D-83D1-4466-8879-F45FE8095435}.Release|Any CPU.ActiveCfg = Release|Any CPU
		{CF5C7D3D-83D1-4466-8879-F45FE8095435}.Release|Any CPU.Build.0 = Release|Any CPU
		{96D424DC-60C5-47A6-8EA4-3C006B45503C}.Debug|Any CPU.ActiveCfg = Debug|Any CPU
		{96D424DC-60C5-47A6-8EA4-3C006B45503C}.Debug|Any CPU.Build.0 = Debug|Any CPU
		{96D424DC-60C5-47A6-8EA4-3C006B45503C}.Release|Any CPU.ActiveCfg = Release|Any CPU
		{96D424DC-60C5-47A6-8EA4-3C006B45503C}.Release|Any CPU.Build.0 = Release|Any CPU
	EndGlobalSection
	GlobalSection(SolutionProperties) = preSolution
		HideSolutionNode = FALSE
	EndGlobalSection
	GlobalSection(ExtensibilityGlobals) = postSolution
		SolutionGuid = {86BC8BD4-187A-4C15-BED1-8B0FE4CAD8F0}
	EndGlobalSection
EndGlobal
